{
  "requires": true,
  "lockfileVersion": 1,
  "dependencies": {
    "angular": {
      "version": "https://registry.npmjs.org/angular/-/angular-1.6.6.tgz",
      "integrity": "sha1-/Vo8+0N844LYVO4BEgeXl4Uny2Q="
    },
    "angular-translate": {
      "version": "https://registry.npmjs.org/angular-translate/-/angular-translate-2.15.2.tgz",
      "integrity": "sha1-+aPCuNXa6312yeLAH/PD1X/hK5A=",
      "requires": {
        "angular": "https://registry.npmjs.org/angular/-/angular-1.6.6.tgz"
      }
    },
    "bower": {
      "version": "1.8.2",
      "resolved": "https://registry.npmjs.org/bower/-/bower-1.8.2.tgz",
      "integrity": "sha1-rfU1KcjUrwLvJPuNU0HBQZ0z4vc="
    }
  }
}
